
Microsoft Visual Studio Solution File, Format Version 12.00
# Visual Studio Version 16
VisualStudioVersion = 16.0.29721.120
MinimumVisualStudioVersion = 10.0.40219.1
Project("{9A19103F-16F7-4668-BE54-9A1E7A4F7556}") = "Cogito.Activities", "Cogito.Activities\Cogito.Activities.csproj", "{828365A4-AB29-4692-A555-BC97C0E5A8D5}"
EndProject
Project("{9A19103F-16F7-4668-BE54-9A1E7A4F7556}") = "Cogito.Activities.Tests", "Cogito.Activities.Tests\Cogito.Activities.Tests.csproj", "{88B353BD-0A88-4CF9-9442-660692437E6E}"
EndProject
Project("{2150E333-8FDC-42A3-9474-1A3956D46DE8}") = "Solution Items", "Solution Items", "{47124194-A785-4685-8D61-0E38F4D538D1}"
	ProjectSection(SolutionItems) = preProject
		appveyor.yml = appveyor.yml
		Directory.Build.props = Directory.Build.props
	EndProjectSection
EndProject
Project("{9A19103F-16F7-4668-BE54-9A1E7A4F7556}") = "Cogito.Activities.ApplicationInsights", "Cogito.Activities.ApplicationInsights\Cogito.Activities.ApplicationInsights.csproj", "{E1FC296F-843F-48AB-AAE3-47F47E4BED7E}"
EndProject
Global
	GlobalSection(SolutionConfigurationPlatforms) = preSolution
		Debug|Any CPU = Debug|Any CPU
		Release|Any CPU = Release|Any CPU
	EndGlobalSection
	GlobalSection(ProjectConfigurationPlatforms) = postSolution
		{828365A4-AB29-4692-A555-BC97C0E5A8D5}.Debug|Any CPU.ActiveCfg = Debug|Any CPU
		{828365A4-AB29-4692-A555-BC97C0E5A8D5}.Debug|Any CPU.Build.0 = Debug|Any CPU
		{828365A4-AB29-4692-A555-BC97C0E5A8D5}.Release|Any CPU.ActiveCfg = Release|Any CPU
		{828365A4-AB29-4692-A555-BC97C0E5A8D5}.Release|Any CPU.Build.0 = Release|Any CPU
		{88B353BD-0A88-4CF9-9442-660692437E6E}.Debug|Any CPU.ActiveCfg = Debug|Any CPU
		{88B353BD-0A88-4CF9-9442-660692437E6E}.Debug|Any CPU.Build.0 = Debug|Any CPU
		{88B353BD-0A88-4CF9-9442-660692437E6E}.Release|Any CPU.ActiveCfg = Release|Any CPU
		{88B353BD-0A88-4CF9-9442-660692437E6E}.Release|Any CPU.Build.0 = Release|Any CPU
		{E1FC296F-843F-48AB-AAE3-47F47E4BED7E}.Debug|Any CPU.ActiveCfg = Debug|Any CPU
		{E1FC296F-843F-48AB-AAE3-47F47E4BED7E}.Debug|Any CPU.Build.0 = Debug|Any CPU
		{E1FC296F-843F-48AB-AAE3-47F47E4BED7E}.Release|Any CPU.ActiveCfg = Release|Any CPU
		{E1FC296F-843F-48AB-AAE3-47F47E4BED7E}.Release|Any CPU.Build.0 = Release|Any CPU
	EndGlobalSection
	GlobalSection(SolutionProperties) = preSolution
		HideSolutionNode = FALSE
	EndGlobalSection
	GlobalSection(ExtensibilityGlobals) = postSolution
		SolutionGuid = {A30B6C7E-3FCD-4998-BF26-0D51D7869B61}
	EndGlobalSection
EndGlobal
